// !$*UTF8*$!
{
	archiveVersion = 1;
	classes = {
	};
	objectVersion = 77;
	objects = {

/* Begin PBXBuildFile section */
		19FE304C2FD0DA1C00744E39 /* DriverKit.framework in Frameworks */ = {isa = PBXBuildFile; fileRef = 19FE304B2FD0DA1C00744E39 /* DriverKit.framework */; };
		19FE30552FD0DA1C00744E39 /* com.jonathanmartin.XeneonTouchDriverApp.XeneonTouchDriver.dext in Embed System Extensions */ = {isa = PBXBuildFile; fileRef = 19FE30492FD0DA1C00744E39 /* com.jonathanmartin.XeneonTouchDriverApp.XeneonTouchDriver.dext */; settings = {ATTRIBUTES = (RemoveHeadersOnCopy, ); }; };
		19FE306B2FD0ED0600744E39 /* HIDDriverKit.framework in Frameworks */ = {isa = PBXBuildFile; fileRef = 19FE306A2FD0ED0600744E39 /* HIDDriverKit.framework */; };
/* End PBXBuildFile section */

/* Begin PBXContainerItemProxy section */
		19FE30532FD0DA1C00744E39 /* PBXContainerItemProxy */ = {
			isa = PBXContainerItemProxy;
			containerPortal = 19FE30242FD0D7EC00744E39 /* Project object */;
			proxyType = 1;
			remoteGlobalIDString = 19FE30482FD0DA1C00744E39;
			remoteInfo = XeneonTouchDriver;
		};
/* End PBXContainerItemProxy section */

/* Begin PBXCopyFilesBuildPhase section */
		19FE305A2FD0DA1C00744E39 /* Embed System Extensions */ = {
			isa = PBXCopyFilesBuildPhase;
			buildActionMask = 2147483647;
			dstPath = "$(SYSTEM_EXTENSIONS_FOLDER_PATH)";
			dstSubfolderSpec = 16;
			files = (
				19FE30552FD0DA1C00744E39 /* com.jonathanmartin.XeneonTouchDriverApp.XeneonTouchDriver.dext in Embed System Extensions */,
			);
			name = "Embed System Extensions";
			runOnlyForDeploymentPostprocessing = 0;
		};
/* End PBXCopyFilesBuildPhase section */

/* Begin PBXFileReference section */
		19FE302C2FD0D7EC00744E39 /* XeneonTouchDriverApp.app */ = {isa = PBXFileReference; explicitFileType = wrapper.application; includeInIndex = 0; path = XeneonTouchDriverApp.app; sourceTree = BUILT_PRODUCTS_DIR; };
		19FE30492FD0DA1C00744E39 /* com.jonathanmartin.XeneonTouchDriverApp.XeneonTouchDriver.dext */ = {isa = PBXFileReference; explicitFileType = "wrapper.driver-extension"; includeInIndex = 0; path = com.jonathanmartin.XeneonTouchDriverApp.XeneonTouchDriver.dext; sourceTree = BUILT_PRODUCTS_DIR; };
		19FE304B2FD0DA1C00744E39 /* DriverKit.framework */ = {isa = PBXFileReference; lastKnownFileType = wrapper.framework; name = DriverKit.framework; path = System/Library/Frameworks/DriverKit.framework; sourceTree = SDKROOT; };
		19FE306A2FD0ED0600744E39 /* HIDDriverKit.framework */ = {isa = PBXFileReference; lastKnownFileType = wrapper.framework; name = HIDDriverKit.framework; path = Platforms/DriverKit.platform/Developer/SDKs/DriverKit25.5.sdk/System/DriverKit/System/Library/Frameworks/HIDDriverKit.framework; sourceTree = DEVELOPER_DIR; };
/* End PBXFileReference section */

/* Begin PBXFileSystemSynchronizedBuildFileExceptionSet section */
		19FE30632FD0E40B00744E39 /* Exceptions for "XeneonTouchDriver" folder in "XeneonTouchDriver" target */ = {
			isa = PBXFileSystemSynchronizedBuildFileExceptionSet;
			membershipExceptions = (
				Info.plist,
			);
			target = 19FE30482FD0DA1C00744E39 /* XeneonTouchDriver */;
		};
/* End PBXFileSystemSynchronizedBuildFileExceptionSet section */

/* Begin PBXFileSystemSynchronizedRootGroup section */
		19FE302E2FD0D7EC00744E39 /* XeneonTouchDriverApp */ = {
			isa = PBXFileSystemSynchronizedRootGroup;
			path = XeneonTouchDriverApp;
			sourceTree = "<group>";
		};
		19FE304D2FD0DA1C00744E39 /* XeneonTouchDriver */ = {
			isa = PBXFileSystemSynchronizedRootGroup;
			exceptions = (
				19FE30632FD0E40B00744E39 /* Exceptions for "XeneonTouchDriver" folder in "XeneonTouchDriver" target */,
			);
			path = XeneonTouchDriver;
			sourceTree = "<group>";
		};
/* End PBXFileSystemSynchronizedRootGroup section */

/* Begin PBXFrameworksBuildPhase section */
		19FE30292FD0D7EC00744E39 /* Frameworks */ = {
			isa = PBXFrameworksBuildPhase;
			buildActionMask = 2147483647;
			files = (
			);
			runOnlyForDeploymentPostprocessing = 0;
		};
		19FE30462FD0DA1C00744E39 /* Frameworks */ = {
			isa = PBXFrameworksBuildPhase;
			buildActionMask = 2147483647;
			files = (
				19FE306B2FD0ED0600744E39 /* HIDDriverKit.framework in Frameworks */,
				19FE304C2FD0DA1C00744E39 /* DriverKit.framework in Frameworks */,
			);
			runOnlyForDeploymentPostprocessing = 0;
		};
/* End PBXFrameworksBuildPhase section */

/* Begin PBXGroup section */
		19FE30232FD0D7EC00744E39 = {
			isa = PBXGroup;
			children = (
				19FE302E2FD0D7EC00744E39 /* XeneonTouchDriverApp */,
				19FE304D2FD0DA1C00744E39 /* XeneonTouchDriver */,
				19FE304A2FD0DA1C00744E39 /* Frameworks */,
				19FE302D2FD0D7EC00744E39 /* Products */,
			);
			sourceTree = "<group>";
		};
		19FE302D2FD0D7EC00744E39 /* Products */ = {
			isa = PBXGroup;
			children = (
				19FE302C2FD0D7EC00744E39 /* XeneonTouchDriverApp.app */,
				19FE30492FD0DA1C00744E39 /* com.jonathanmartin.XeneonTouchDriverApp.XeneonTouchDriver.dext */,
			);
			name = Products;
			sourceTree = "<group>";
		};
		19FE304A2FD0DA1C00744E39 /* Frameworks */ = {
			isa = PBXGroup;
			children = (
				19FE306A2FD0ED0600744E39 /* HIDDriverKit.framework */,
				19FE304B2FD0DA1C00744E39 /* DriverKit.framework */,
			);
			name = Frameworks;
			sourceTree = "<group>";
		};
/* End PBXGroup section */

/* Begin PBXHeadersBuildPhase section */
		19FE30442FD0DA1C00744E39 /* Headers */ = {
			isa = PBXHeadersBuildPhase;
			buildActionMask = 2147483647;
			files = (
			);
			runOnlyForDeploymentPostprocessing = 0;
		};
/* End PBXHeadersBuildPhase section */

/* Begin PBXNativeTarget section */
		19FE302B2FD0D7EC00744E39 /* XeneonTouchDriverApp */ = {
			isa = PBXNativeTarget;
			buildConfigurationList = 19FE30372FD0D7EE00744E39 /* Build configuration list for PBXNativeTarget "XeneonTouchDriverApp" */;
			buildPhases = (
				19FE30282FD0D7EC00744E39 /* Sources */,
				19FE30292FD0D7EC00744E39 /* Frameworks */,
				19FE302A2FD0D7EC00744E39 /* Resources */,
				19FE305A2FD0DA1C00744E39 /* Embed System Extensions */,
				19FE306E2FD0F0AF00744E39 /* ShellScript */,
			);
			buildRules = (
			);
			dependencies = (
				19FE30542FD0DA1C00744E39 /* PBXTargetDependency */,
			);
			fileSystemSynchronizedGroups = (
				19FE302E2FD0D7EC00744E39 /* XeneonTouchDriverApp */,
			);
			name = XeneonTouchDriverApp;
			packageProductDependencies = (
			);
			productName = XeneonTouchDriverApp;
			productReference = 19FE302C2FD0D7EC00744E39 /* XeneonTouchDriverApp.app */;
			productType = "com.apple.product-type.application";
		};
		19FE30482FD0DA1C00744E39 /* XeneonTouchDriver */ = {
			isa = PBXNativeTarget;
			buildConfigurationList = 19FE30572FD0DA1C00744E39 /* Build configuration list for PBXNativeTarget "XeneonTouchDriver" */;
			buildPhases = (
				19FE30442FD0DA1C00744E39 /* Headers */,
				19FE30452FD0DA1C00744E39 /* Sources */,
				19FE30462FD0DA1C00744E39 /* Frameworks */,
				19FE30472FD0DA1C00744E39 /* Resources */,
				19FE30622FD0E38400744E39 /* Run Script */,
			);
			buildRules = (
			);
			dependencies = (
			);
			fileSystemSynchronizedGroups = (
				19FE304D2FD0DA1C00744E39 /* XeneonTouchDriver */,
			);
			name = XeneonTouchDriver;
			packageProductDependencies = (
			);
			productName = XeneonTouchDriver;
			productReference = 19FE30492FD0DA1C00744E39 /* com.jonathanmartin.XeneonTouchDriverApp.XeneonTouchDriver.dext */;
			productType = "com.apple.product-type.driver-extension";
		};
/* End PBXNativeTarget section */

/* Begin PBXProject section */
		19FE30242FD0D7EC00744E39 /* Project object */ = {
			isa = PBXProject;
			attributes = {
				BuildIndependentTargetsInParallel = 1;
				LastSwiftUpdateCheck = 2650;
				LastUpgradeCheck = 2650;
				TargetAttributes = {
					19FE302B2FD0D7EC00744E39 = {
						CreatedOnToolsVersion = 26.5;
					};
					19FE30482FD0DA1C00744E39 = {
						CreatedOnToolsVersion = 26.5;
						LastSwiftMigration = 2650;
					};
				};
			};
			buildConfigurationList = 19FE30272FD0D7EC00744E39 /* Build configuration list for PBXProject "XeneonTouchDriverApp" */;
			developmentRegion = en;
			hasScannedForEncodings = 0;
			knownRegions = (
				en,
				Base,
			);
			mainGroup = 19FE30232FD0D7EC00744E39;
			minimizedProjectReferenceProxies = 1;
			preferredProjectObjectVersion = 77;
			productRefGroup = 19FE302D2FD0D7EC00744E39 /* Products */;
			projectDirPath = "";
			projectRoot = "";
			targets = (
				19FE302B2FD0D7EC00744E39 /* XeneonTouchDriverApp */,
				19FE30482FD0DA1C00744E39 /* XeneonTouchDriver */,
			);
		};
/* End PBXProject section */

/* Begin PBXResourcesBuildPhase section */
		19FE302A2FD0D7EC00744E39 /* Resources */ = {
			isa = PBXResourcesBuildPhase;
			buildActionMask = 2147483647;
			files = (
			);
			runOnlyForDeploymentPostprocessing = 0;
		};
		19FE30472FD0DA1C00744E39 /* Resources */ = {
			isa = PBXResourcesBuildPhase;
			buildActionMask = 2147483647;
			files = (
			);
			runOnlyForDeploymentPostprocessing = 0;
		};
/* End PBXResourcesBuildPhase section */

/* Begin PBXShellScriptBuildPhase section */
		19FE30622FD0E38400744E39 /* Run Script */ = {
			isa = PBXShellScriptBuildPhase;
			buildActionMask = 2147483647;
			files = (
			);
			inputFileListPaths = (
			);
			inputPaths = (
			);
			name = "Run Script";
			outputFileListPaths = (
			);
			outputPaths = (
			);
			runOnlyForDeploymentPostprocessing = 0;
			shellPath = /bin/sh;
			shellScript = "if [ -d \"${BUILT_PRODUCTS_DIR}/${FULL_PRODUCT_NAME}\" ]; then\n    codesign --force --sign - \\\n      --entitlements \"${SRCROOT}/XeneonTouchDriver/XeneonTouchDriver.entitlements\" \\\n      \"${BUILT_PRODUCTS_DIR}/${FULL_PRODUCT_NAME}\"\nfi\n";
		};
		19FE306E2FD0F0AF00744E39 /* ShellScript */ = {
			isa = PBXShellScriptBuildPhase;
			buildActionMask = 2147483647;
			files = (
			);
			inputFileListPaths = (
			);
			inputPaths = (
			);
			outputFileListPaths = (
			);
			outputPaths = (
			);
			runOnlyForDeploymentPostprocessing = 0;
			shellPath = /bin/sh;
			shellScript = "APP=\"${BUILT_PRODUCTS_DIR}/${PRODUCT_NAME}.app\"\nDEXT=\"${APP}/Contents/Library/SystemExtensions/com.jonathanmartin.XeneonTouchDriverApp.XeneonTouchDriver.dext\"\nENTITLEMENTS_APP=\"${SRCROOT}/XeneonTouchDriverApp/XeneonTouchDriverApp.entitlements\"\nENTITLEMENTS_DEXT=\"${SRCROOT}/XeneonTouchDriver/XeneonTouchDriver.entitlements\"\n\n# Sign debug dylib first\nfind \"$APP\" -name \"*.debug.dylib\" -exec codesign --force --sign \"XeneonDext\" {} \\;\n\n# Sign the dext\nif [ -d \"$DEXT\" ]; then\n    codesign --force --sign \"XeneonDext\" --entitlements \"$ENTITLEMENTS_DEXT\" \"$DEXT\"\nfi\n\n# Sign the app\ncodesign --force --sign \"XeneonDext\" --entitlements \"$ENTITLEMENTS_APP\" \"$APP\"\n";
		};
/* End PBXShellScriptBuildPhase section */

/* Begin PBXSourcesBuildPhase section */
		19FE30282FD0D7EC00744E39 /* Sources */ = {
			isa = PBXSourcesBuildPhase;
			buildActionMask = 2147483647;
			files = (
			);
			runOnlyForDeploymentPostprocessing = 0;
		};
		19FE30452FD0DA1C00744E39 /* Sources */ = {
			isa = PBXSourcesBuildPhase;
			buildActionMask = 2147483647;
			files = (
			);
			runOnlyForDeploymentPostprocessing = 0;
		};
/* End PBXSourcesBuildPhase section */

/* Begin PBXTargetDependency section */
		19FE30542FD0DA1C00744E39 /* PBXTargetDependency */ = {
			isa = PBXTargetDependency;
			target = 19FE30482FD0DA1C00744E39 /* XeneonTouchDriver */;
			targetProxy = 19FE30532FD0DA1C00744E39 /* PBXContainerItemProxy */;
		};
/* End PBXTargetDependency section */

/* Begin XCBuildConfiguration section */
		19FE30352FD0D7EE00744E39 /* Debug */ = {
			isa = XCBuildConfiguration;
			buildSettings = {
				ALWAYS_SEARCH_USER_PATHS = NO;
				ASSETCATALOG_COMPILER_GENERATE_SWIFT_ASSET_SYMBOL_EXTENSIONS = YES;
				CLANG_ANALYZER_NONNULL = YES;
				CLANG_ANALYZER_NUMBER_OBJECT_CONVERSION = YES_AGGRESSIVE;
				CLANG_CXX_LANGUAGE_STANDARD = "gnu++20";
				CLANG_ENABLE_MODULES = YES;
				CLANG_ENABLE_OBJC_ARC = YES;
				CLANG_ENABLE_OBJC_WEAK = YES;
				CLANG_WARN_BLOCK_CAPTURE_AUTORELEASING = YES;
				CLANG_WARN_BOOL_CONVERSION = YES;
				CLANG_WARN_COMMA = YES;
				CLANG_WARN_CONSTANT_CONVERSION = YES;
				CLANG_WARN_DEPRECATED_OBJC_IMPLEMENTATIONS = YES;
				CLANG_WARN_DIRECT_OBJC_ISA_USAGE = YES_ERROR;
				CLANG_WARN_DOCUMENTATION_COMMENTS = YES;
				CLANG_WARN_EMPTY_BODY = YES;
				CLANG_WARN_ENUM_CONVERSION = YES;
				CLANG_WARN_INFINITE_RECURSION = YES;
				CLANG_WARN_INT_CONVERSION = YES;
				CLANG_WARN_NON_LITERAL_NULL_CONVERSION = YES;
				CLANG_WARN_OBJC_IMPLICIT_RETAIN_SELF = YES;
				CLANG_WARN_OBJC_LITERAL_CONVERSION = YES;
				CLANG_WARN_OBJC_ROOT_CLASS = YES_ERROR;
				CLANG_WARN_QUOTED_INCLUDE_IN_FRAMEWORK_HEADER = YES;
				CLANG_WARN_RANGE_LOOP_ANALYSIS = YES;
				CLANG_WARN_STRICT_PROTOTYPES = YES;
				CLANG_WARN_SUSPICIOUS_MOVE = YES;
				CLANG_WARN_UNGUARDED_AVAILABILITY = YES_AGGRESSIVE;
				CLANG_WARN_UNREACHABLE_CODE = YES;
				CLANG_WARN__DUPLICATE_METHOD_MATCH = YES;
				CODE_SIGN_IDENTITY = XeneonDext;
				COPY_PHASE_STRIP = NO;
				DEBUG_INFORMATION_FORMAT = dwarf;
				DEVELOPMENT_TEAM = S27RQRV4GX;
				ENABLE_STRICT_OBJC_MSGSEND = YES;
				ENABLE_TESTABILITY = YES;
				ENABLE_USER_SCRIPT_SANDBOXING = YES;
				GCC_C_LANGUAGE_STANDARD = gnu17;
				GCC_DYNAMIC_NO_PIC = NO;
				GCC_NO_COMMON_BLOCKS = YES;
				GCC_OPTIMIZATION_LEVEL = 0;
				GCC_PREPROCESSOR_DEFINITIONS = (
					"DEBUG=1",
					"$(inherited)",
				);
				GCC_WARN_64_TO_32_BIT_CONVERSION = YES;
				GCC_WARN_ABOUT_RETURN_TYPE = YES_ERROR;
				GCC_WARN_UNDECLARED_SELECTOR = YES;
				GCC_WARN_UNINITIALIZED_AUTOS = YES_AGGRESSIVE;
				GCC_WARN_UNUSED_FUNCTION = YES;
				GCC_WARN_UNUSED_VARIABLE = YES;
				LOCALIZATION_PREFERS_STRING_CATALOGS = YES;
				MACOSX_DEPLOYMENT_TARGET = 26.4;
				MTL_ENABLE_DEBUG_INFO = INCLUDE_SOURCE;
				MTL_FAST_MATH = YES;
				ONLY_ACTIVE_ARCH = YES;
				SDKROOT = macosx;
				SWIFT_ACTIVE_COMPILATION_CONDITIONS = "DEBUG $(inherited)";
				SWIFT_OPTIMIZATION_LEVEL = "-Onone";
			};
			name = Debug;
		};
		19FE30362FD0D7EE00744E39 /* Release */ = {
			isa = XCBuildConfiguration;
			buildSettings = {
				ALWAYS_SEARCH_USER_PATHS = NO;
				ASSETCATALOG_COMPILER_GENERATE_SWIFT_ASSET_SYMBOL_EXTENSIONS = YES;
				CLANG_ANALYZER_NONNULL = YES;
				CLANG_ANALYZER_NUMBER_OBJECT_CONVERSION = YES_AGGRESSIVE;
				CLANG_CXX_LANGUAGE_STANDARD = "gnu++20";
				CLANG_ENABLE_MODULES = YES;
				CLANG_ENABLE_OBJC_ARC = YES;
				CLANG_ENABLE_OBJC_WEAK = YES;
				CLANG_WARN_BLOCK_CAPTURE_AUTORELEASING = YES;
				CLANG_WARN_BOOL_CONVERSION = YES;
				CLANG_WARN_COMMA = YES;
				CLANG_WARN_CONSTANT_CONVERSION = YES;
				CLANG_WARN_DEPRECATED_OBJC_IMPLEMENTATIONS = YES;
				CLANG_WARN_DIRECT_OBJC_ISA_USAGE = YES_ERROR;
				CLANG_WARN_DOCUMENTATION_COMMENTS = YES;
				CLANG_WARN_EMPTY_BODY = YES;
				CLANG_WARN_ENUM_CONVERSION = YES;
				CLANG_WARN_INFINITE_RECURSION = YES;
				CLANG_WARN_INT_CONVERSION = YES;
				CLANG_WARN_NON_LITERAL_NULL_CONVERSION = YES;
				CLANG_WARN_OBJC_IMPLICIT_RETAIN_SELF = YES;
				CLANG_WARN_OBJC_LITERAL_CONVERSION = YES;
				CLANG_WARN_OBJC_ROOT_CLASS = YES_ERROR;
				CLANG_WARN_QUOTED_INCLUDE_IN_FRAMEWORK_HEADER = YES;
				CLANG_WARN_RANGE_LOOP_ANALYSIS = YES;
				CLANG_WARN_STRICT_PROTOTYPES = YES;
				CLANG_WARN_SUSPICIOUS_MOVE = YES;
				CLANG_WARN_UNGUARDED_AVAILABILITY = YES_AGGRESSIVE;
				CLANG_WARN_UNREACHABLE_CODE = YES;
				CLANG_WARN__DUPLICATE_METHOD_MATCH = YES;
				CODE_SIGN_IDENTITY = XeneonDext;
				COPY_PHASE_STRIP = NO;
				DEBUG_INFORMATION_FORMAT = "dwarf-with-dsym";
				DEVELOPMENT_TEAM = S27RQRV4GX;
				ENABLE_NS_ASSERTIONS = NO;
				ENABLE_STRICT_OBJC_MSGSEND = YES;
				ENABLE_USER_SCRIPT_SANDBOXING = YES;
				GCC_C_LANGUAGE_STANDARD = gnu17;
				GCC_NO_COMMON_BLOCKS = YES;
				GCC_WARN_64_TO_32_BIT_CONVERSION = YES;
				GCC_WARN_ABOUT_RETURN_TYPE = YES_ERROR;
				GCC_WARN_UNDECLARED_SELECTOR = YES;
				GCC_WARN_UNINITIALIZED_AUTOS = YES_AGGRESSIVE;
				GCC_WARN_UNUSED_FUNCTION = YES;
				GCC_WARN_UNUSED_VARIABLE = YES;
				LOCALIZATION_PREFERS_STRING_CATALOGS = YES;
				MACOSX_DEPLOYMENT_TARGET = 26.4;
				MTL_ENABLE_DEBUG_INFO = NO;
				MTL_FAST_MATH = YES;
				SDKROOT = macosx;
				SWIFT_COMPILATION_MODE = wholemodule;
			};
			name = Release;
		};
		19FE30382FD0D7EE00744E39 /* Debug */ = {
			isa = XCBuildConfiguration;
			buildSettings = {
				ASSETCATALOG_COMPILER_APPICON_NAME = AppIcon;
				ASSETCATALOG_COMPILER_GLOBAL_ACCENT_COLOR_NAME = AccentColor;
				AUTOMATION_APPLE_EVENTS = NO;
				CODE_SIGNING_ALLOWED = NO;
				CODE_SIGNING_REQUIRED = NO;
				CODE_SIGN_ENTITLEMENTS = XeneonTouchDriverApp/XeneonTouchDriverApp.entitlements;
				"CODE_SIGN_IDENTITY[sdk=macosx*]" = XeneonDext;
				CODE_SIGN_STYLE = Manual;
				COMBINE_HIDPI_IMAGES = YES;
				CURRENT_PROJECT_VERSION = 1;
				DEVELOPMENT_TEAM = "";
				ENABLE_APP_SANDBOX = NO;
				ENABLE_HARDENED_RUNTIME = NO;
				ENABLE_PREVIEWS = YES;
				ENABLE_RESOURCE_ACCESS_AUDIO_INPUT = NO;
				ENABLE_RESOURCE_ACCESS_CALENDARS = NO;
				ENABLE_RESOURCE_ACCESS_CAMERA = NO;
				ENABLE_RESOURCE_ACCESS_CONTACTS = NO;
				ENABLE_RESOURCE_ACCESS_LOCATION = NO;
				ENABLE_RESOURCE_ACCESS_PHOTO_LIBRARY = NO;
				ENABLE_USER_SCRIPT_SANDBOXING = NO;
				GENERATE_INFOPLIST_FILE = YES;
				INFOPLIST_KEY_NSHumanReadableCopyright = "";
				LD_RUNPATH_SEARCH_PATHS = (
					"$(inherited)",
					"@executable_path/../Frameworks",
				);
				MARKETING_VERSION = 1.0;
				PRODUCT_BUNDLE_IDENTIFIER = com.jonathanmartin.XeneonTouchDriverApp;
				PRODUCT_NAME = "$(TARGET_NAME)";
				PROVISIONING_PROFILE_SPECIFIER = "";
				REGISTER_APP_GROUPS = YES;
				RUNTIME_EXCEPTION_ALLOW_DYLD_ENVIRONMENT_VARIABLES = NO;
				RUNTIME_EXCEPTION_ALLOW_JIT = NO;
				RUNTIME_EXCEPTION_ALLOW_UNSIGNED_EXECUTABLE_MEMORY = NO;
				RUNTIME_EXCEPTION_DEBUGGING_TOOL = NO;
				RUNTIME_EXCEPTION_DISABLE_EXECUTABLE_PAGE_PROTECTION = NO;
				RUNTIME_EXCEPTION_DISABLE_LIBRARY_VALIDATION = NO;
				STRING_CATALOG_GENERATE_SYMBOLS = YES;
				SWIFT_APPROACHABLE_CONCURRENCY = YES;
				SWIFT_DEFAULT_ACTOR_ISOLATION = MainActor;
				SWIFT_EMIT_LOC_STRINGS = YES;
				SWIFT_OPTIMIZATION_LEVEL = "-Onone";
				SWIFT_UPCOMING_FEATURE_MEMBER_IMPORT_VISIBILITY = YES;
				SWIFT_VERSION = 5.0;
			};
			name = Debug;
		};
		19FE30392FD0D7EE00744E39 /* Release */ = {
			isa = XCBuildConfiguration;
			buildSettings = {
				ASSETCATALOG_COMPILER_APPICON_NAME = AppIcon;
				ASSETCATALOG_COMPILER_GLOBAL_ACCENT_COLOR_NAME = AccentColor;
				AUTOMATION_APPLE_EVENTS = NO;
				CODE_SIGNING_ALLOWED = NO;
				CODE_SIGNING_REQUIRED = NO;
				CODE_SIGN_ENTITLEMENTS = XeneonTouchDriverApp/XeneonTouchDriverApp.entitlements;
				CODE_SIGN_IDENTITY = XeneonDext;
				"CODE_SIGN_IDENTITY[sdk=macosx*]" = XeneonDext;
				CODE_SIGN_STYLE = Manual;
				COMBINE_HIDPI_IMAGES = YES;
				CURRENT_PROJECT_VERSION = 1;
				DEVELOPMENT_TEAM = "";
				ENABLE_APP_SANDBOX = NO;
				ENABLE_HARDENED_RUNTIME = NO;
				ENABLE_PREVIEWS = YES;
				ENABLE_RESOURCE_ACCESS_AUDIO_INPUT = NO;
				ENABLE_RESOURCE_ACCESS_CALENDARS = NO;
				ENABLE_RESOURCE_ACCESS_CAMERA = NO;
				ENABLE_RESOURCE_ACCESS_CONTACTS = NO;
				ENABLE_RESOURCE_ACCESS_LOCATION = NO;
				ENABLE_RESOURCE_ACCESS_PHOTO_LIBRARY = NO;
				ENABLE_USER_SCRIPT_SANDBOXING = NO;
				GENERATE_INFOPLIST_FILE = YES;
				INFOPLIST_KEY_NSHumanReadableCopyright = "";
				LD_RUNPATH_SEARCH_PATHS = (
					"$(inherited)",
					"@executable_path/../Frameworks",
				);
				MARKETING_VERSION = 1.0;
				PRODUCT_BUNDLE_IDENTIFIER = com.jonathanmartin.XeneonTouchDriverApp;
				PRODUCT_NAME = "$(TARGET_NAME)";
				PROVISIONING_PROFILE_SPECIFIER = "";
				REGISTER_APP_GROUPS = YES;
				RUNTIME_EXCEPTION_ALLOW_DYLD_ENVIRONMENT_VARIABLES = NO;
				RUNTIME_EXCEPTION_ALLOW_JIT = NO;
				RUNTIME_EXCEPTION_ALLOW_UNSIGNED_EXECUTABLE_MEMORY = NO;
				RUNTIME_EXCEPTION_DEBUGGING_TOOL = NO;
				RUNTIME_EXCEPTION_DISABLE_EXECUTABLE_PAGE_PROTECTION = NO;
				RUNTIME_EXCEPTION_DISABLE_LIBRARY_VALIDATION = NO;
				STRING_CATALOG_GENERATE_SYMBOLS = YES;
				SWIFT_APPROACHABLE_CONCURRENCY = YES;
				SWIFT_DEFAULT_ACTOR_ISOLATION = MainActor;
				SWIFT_EMIT_LOC_STRINGS = YES;
				SWIFT_OPTIMIZATION_LEVEL = "-Onone";
				SWIFT_UPCOMING_FEATURE_MEMBER_IMPORT_VISIBILITY = YES;
				SWIFT_VERSION = 5.0;
			};
			name = Release;
		};
		19FE30582FD0DA1C00744E39 /* Debug */ = {
			isa = XCBuildConfiguration;
			buildSettings = {
				CLANG_ENABLE_MODULES = YES;
				CODE_SIGNING_ALLOWED = NO;
				CODE_SIGNING_REQUIRED = NO;
				CODE_SIGN_IDENTITY = XeneonDext;
				CODE_SIGN_STYLE = Manual;
				CURRENT_PROJECT_VERSION = 1;
				DEVELOPMENT_TEAM = "-";
				DRIVERKIT_DEPLOYMENT_TARGET = 21.6;
				ENABLE_USER_SCRIPT_SANDBOXING = NO;
				FRAMEWORK_SEARCH_PATHS = (
					"$(inherited)",
					"$(SDKROOT)/System/DriverKit/System/Library/Frameworks",
				);
				GENERATE_INFOPLIST_FILE = NO;
				HEADER_SEARCH_PATHS = "$(DERIVED_SOURCES_DIR)/$(PRODUCT_BUNDLE_IDENTIFIER)";
				INFOPLIST_FILE = XeneonTouchDriver/Info.plist;
				MARKETING_VERSION = 1.0;
				PRODUCT_BUNDLE_IDENTIFIER = com.jonathanmartin.XeneonTouchDriverApp.XeneonTouchDriver;
				PRODUCT_NAME = "$(inherited)";
				PROVISIONING_PROFILE_SPECIFIER = "";
				RUN_CLANG_STATIC_ANALYZER = NO;
				SDKROOT = driverkit;
				SKIP_INSTALL = YES;
				STRING_CATALOG_GENERATE_SYMBOLS = YES;
				SWIFT_EMIT_LOC_STRINGS = YES;
				SWIFT_OBJC_BRIDGING_HEADER = "";
				SWIFT_OPTIMIZATION_LEVEL = "-O";
				SWIFT_VERSION = "";
			};
			name = Debug;
		};
		19FE30592FD0DA1C00744E39 /* Release */ = {
			isa = XCBuildConfiguration;
			buildSettings = {
				CLANG_ENABLE_MODULES = YES;
				CODE_SIGNING_ALLOWED = NO;
				CODE_SIGNING_REQUIRED = NO;
				CODE_SIGN_IDENTITY = XeneonDext;
				CODE_SIGN_STYLE = Manual;
				CURRENT_PROJECT_VERSION = 1;
				DEVELOPMENT_TEAM = "-";
				DRIVERKIT_DEPLOYMENT_TARGET = 21.6;
				ENABLE_USER_SCRIPT_SANDBOXING = NO;
				FRAMEWORK_SEARCH_PATHS = (
					"$(inherited)",
					"$(SDKROOT)/System/DriverKit/System/Library/Frameworks",
				);
				GENERATE_INFOPLIST_FILE = NO;
				HEADER_SEARCH_PATHS = "$(DERIVED_SOURCES_DIR)/$(PRODUCT_BUNDLE_IDENTIFIER)";
				INFOPLIST_FILE = XeneonTouchDriver/Info.plist;
				MARKETING_VERSION = 1.0;
				PRODUCT_BUNDLE_IDENTIFIER = com.jonathanmartin.XeneonTouchDriverApp.XeneonTouchDriver;
				PRODUCT_NAME = "$(inherited)";
				PROVISIONING_PROFILE_SPECIFIER = "";
				RUN_CLANG_STATIC_ANALYZER = NO;
				SDKROOT = driverkit;
				SKIP_INSTALL = YES;
				STRING_CATALOG_GENERATE_SYMBOLS = YES;
				SWIFT_EMIT_LOC_STRINGS = YES;
				SWIFT_OBJC_BRIDGING_HEADER = "";
				SWIFT_VERSION = "";
			};
			name = Release;
		};
/* End XCBuildConfiguration section */

/* Begin XCConfigurationList section */
		19FE30272FD0D7EC00744E39 /* Build configuration list for PBXProject "XeneonTouchDriverApp" */ = {
			isa = XCConfigurationList;
			buildConfigurations = (
				19FE30352FD0D7EE00744E39 /* Debug */,
				19FE30362FD0D7EE00744E39 /* Release */,
			);
			defaultConfigurationIsVisible = 0;
			defaultConfigurationName = Release;
		};
		19FE30372FD0D7EE00744E39 /* Build configuration list for PBXNativeTarget "XeneonTouchDriverApp" */ = {
			isa = XCConfigurationList;
			buildConfigurations = (
				19FE30382FD0D7EE00744E39 /* Debug */,
				19FE30392FD0D7EE00744E39 /* Release */,
			);
			defaultConfigurationIsVisible = 0;
			defaultConfigurationName = Release;
		};
		19FE30572FD0DA1C00744E39 /* Build configuration list for PBXNativeTarget "XeneonTouchDriver" */ = {
			isa = XCConfigurationList;
			buildConfigurations = (
				19FE30582FD0DA1C00744E39 /* Debug */,
				19FE30592FD0DA1C00744E39 /* Release */,
			);
			defaultConfigurationIsVisible = 0;
			defaultConfigurationName = Release;
		};
/* End XCConfigurationList section */
	};
	rootObject = 19FE30242FD0D7EC00744E39 /* Project object */;
}
